
Microsoft Visual Studio Solution File, Format Version 12.00
# Visual Studio Version 17
VisualStudioVersion = 17.6.33815.320
MinimumVisualStudioVersion = 10.0.40219.1
Project("{9A19103F-16F7-4668-BE54-9A1E7A4F7556}") = "FreeVD", "FreeVD\FreeVD.csproj", "{58E2CC1A-B2D0-4B18-B893-B1848E58A337}"
EndProject
Project("{2150E333-8FDC-42A3-9474-1A3956D46DE8}") = "Solution Items", "Solution Items", "{2F9A6D54-48E3-4ACB-BB68-699C91B4373B}"
	ProjectSection(SolutionItems) = preProject
		LICENSE = LICENSE
		README.md = README.md
	EndProjectSection
EndProject
Project("{54435603-DBB4-11D2-8724-00A0C9A8B90C}") = "FreeVD.Setup", "FreeVD.Setup\FreeVD.Setup.vdproj", "{D14EC669-9FCE-4DB3-80C5-5344DD6DD9F4}"
EndProject
Project("{9A19103F-16F7-4668-BE54-9A1E7A4F7556}") = "VirtualDesktop", "VirtualDesktop\src\VirtualDesktop\VirtualDesktop.csproj", "{7118A878-7665-4CDC-A3E9-11ABD74ACEDE}"
EndProject
Project("{9A19103F-16F7-4668-BE54-9A1E7A4F7556}") = "VirtualDesktop.WinForms", "VirtualDesktop\src\VirtualDesktop.WinForms\VirtualDesktop.WinForms.csproj", "{51EE78D1-74D0-4F30-A658-9C809001D510}"
EndProject
Global
	GlobalSection(SolutionConfigurationPlatforms) = preSolution
		Debug|Any CPU = Debug|Any CPU
		Debug|ARM = Debug|ARM
		Debug|x64 = Debug|x64
		Debug|x86 = Debug|x86
		Release|Any CPU = Release|Any CPU
		Release|ARM = Release|ARM
		Release|x64 = Release|x64
		Release|x86 = Release|x86
	EndGlobalSection
	GlobalSection(ProjectConfigurationPlatforms) = postSolution
		{58E2CC1A-B2D0-4B18-B893-B1848E58A337}.Debug|Any CPU.ActiveCfg = Debug|Any CPU
		{58E2CC1A-B2D0-4B18-B893-B1848E58A337}.Debug|Any CPU.Build.0 = Debug|Any CPU
		{58E2CC1A-B2D0-4B18-B893-B1848E58A337}.Debug|ARM.ActiveCfg = Debug|Any CPU
		{58E2CC1A-B2D0-4B18-B893-B1848E58A337}.Debug|ARM.Build.0 = Debug|Any CPU
		{58E2CC1A-B2D0-4B18-B893-B1848E58A337}.Debug|x64.ActiveCfg = Debug|Any CPU
		{58E2CC1A-B2D0-4B18-B893-B1848E58A337}.Debug|x64.Build.0 = Debug|Any CPU
		{58E2CC1A-B2D0-4B18-B893-B1848E58A337}.Debug|x86.ActiveCfg = Debug|Any CPU
		{58E2CC1A-B2D0-4B18-B893-B1848E58A337}.Debug|x86.Build.0 = Debug|Any CPU
		{58E2CC1A-B2D0-4B18-B893-B1848E58A337}.Release|Any CPU.ActiveCfg = Release|Any CPU
		{58E2CC1A-B2D0-4B18-B893-B1848E58A337}.Release|Any CPU.Build.0 = Release|Any CPU
		{58E2CC1A-B2D0-4B18-B893-B1848E58A337}.Release|ARM.ActiveCfg = Release|Any CPU
		{58E2CC1A-B2D0-4B18-B893-B1848E58A337}.Release|ARM.Build.0 = Release|Any CPU
		{58E2CC1A-B2D0-4B18-B893-B1848E58A337}.Release|x64.ActiveCfg = Release|Any CPU
		{58E2CC1A-B2D0-4B18-B893-B1848E58A337}.Release|x64.Build.0 = Release|Any CPU
		{58E2CC1A-B2D0-4B18-B893-B1848E58A337}.Release|x86.ActiveCfg = Release|Any CPU
		{58E2CC1A-B2D0-4B18-B893-B1848E58A337}.Release|x86.Build.0 = Release|Any CPU
		{D14EC669-9FCE-4DB3-80C5-5344DD6DD9F4}.Debug|Any CPU.ActiveCfg = Debug
		{D14EC669-9FCE-4DB3-80C5-5344DD6DD9F4}.Debug|ARM.ActiveCfg = Debug
		{D14EC669-9FCE-4DB3-80C5-5344DD6DD9F4}.Debug|x64.ActiveCfg = Debug
		{D14EC669-9FCE-4DB3-80C5-5344DD6DD9F4}.Debug|x86.ActiveCfg = Debug
		{D14EC669-9FCE-4DB3-80C5-5344DD6DD9F4}.Release|Any CPU.ActiveCfg = Release
		{D14EC669-9FCE-4DB3-80C5-5344DD6DD9F4}.Release|ARM.ActiveCfg = Release
		{D14EC669-9FCE-4DB3-80C5-5344DD6DD9F4}.Release|x64.ActiveCfg = Release
		{D14EC669-9FCE-4DB3-80C5-5344DD6DD9F4}.Release|x86.ActiveCfg = Release
		{7118A878-7665-4CDC-A3E9-11ABD74ACEDE}.Debug|Any CPU.ActiveCfg = Debug|Any CPU
		{7118A878-7665-4CDC-A3E9-11ABD74ACEDE}.Debug|Any CPU.Build.0 = Debug|Any CPU
		{7118A878-7665-4CDC-A3E9-11ABD74ACEDE}.Debug|ARM.ActiveCfg = Debug|Any CPU
		{7118A878-7665-4CDC-A3E9-11ABD74ACEDE}.Debug|ARM.Build.0 = Debug|Any CPU
		{7118A878-7665-4CDC-A3E9-11ABD74ACEDE}.Debug|x64.ActiveCfg = Debug|Any CPU
		{7118A878-7665-4CDC-A3E9-11ABD74ACEDE}.Debug|x64.Build.0 = Debug|Any CPU
		{7118A878-7665-4CDC-A3E9-11ABD74ACEDE}.Debug|x86.ActiveCfg = Debug|Any CPU
		{7118A878-7665-4CDC-A3E9-11ABD74ACEDE}.Debug|x86.Build.0 = Debug|Any CPU
		{7118A878-7665-4CDC-A3E9-11ABD74ACEDE}.Release|Any CPU.ActiveCfg = Release|Any CPU
		{7118A878-7665-4CDC-A3E9-11ABD74ACEDE}.Release|Any CPU.Build.0 = Release|Any CPU
		{7118A878-7665-4CDC-A3E9-11ABD74ACEDE}.Release|ARM.ActiveCfg = Release|Any CPU
		{7118A878-7665-4CDC-A3E9-11ABD74ACEDE}.Release|ARM.Build.0 = Release|Any CPU
		{7118A878-7665-4CDC-A3E9-11ABD74ACEDE}.Release|x64.ActiveCfg = Release|Any CPU
		{7118A878-7665-4CDC-A3E9-11ABD74ACEDE}.Release|x64.Build.0 = Release|Any CPU
		{7118A878-7665-4CDC-A3E9-11ABD74ACEDE}.Release|x86.ActiveCfg = Release|Any CPU
		{7118A878-7665-4CDC-A3E9-11ABD74ACEDE}.Release|x86.Build.0 = Release|Any CPU
		{51EE78D1-74D0-4F30-A658-9C809001D510}.Debug|Any CPU.ActiveCfg = Debug|Any CPU
		{51EE78D1-74D0-4F30-A658-9C809001D510}.Debug|Any CPU.Build.0 = Debug|Any CPU
		{51EE78D1-74D0-4F30-A658-9C809001D510}.Debug|ARM.ActiveCfg = Debug|Any CPU
		{51EE78D1-74D0-4F30-A658-9C809001D510}.Debug|ARM.Build.0 = Debug|Any CPU
		{51EE78D1-74D0-4F30-A658-9C809001D510}.Debug|x64.ActiveCfg = Debug|Any CPU
		{51EE78D1-74D0-4F30-A658-9C809001D510}.Debug|x64.Build.0 = Debug|Any CPU
		{51EE78D1-74D0-4F30-A658-9C809001D510}.Debug|x86.ActiveCfg = Debug|Any CPU
		{51EE78D1-74D0-4F30-A658-9C809001D510}.Debug|x86.Build.0 = Debug|Any CPU
		{51EE78D1-74D0-4F30-A658-9C809001D510}.Release|Any CPU.ActiveCfg = Release|Any CPU
		{51EE78D1-74D0-4F30-A658-9C809001D510}.Release|Any CPU.Build.0 = Release|Any CPU
		{51EE78D1-74D0-4F30-A658-9C809001D510}.Release|ARM.ActiveCfg = Release|Any CPU
		{51EE78D1-74D0-4F30-A658-9C809001D510}.Release|ARM.Build.0 = Release|Any CPU
		{51EE78D1-74D0-4F30-A658-9C809001D510}.Release|x64.ActiveCfg = Release|Any CPU
		{51EE78D1-74D0-4F30-A658-9C809001D510}.Release|x64.Build.0 = Release|Any CPU
		{51EE78D1-74D0-4F30-A658-9C809001D510}.Release|x86.ActiveCfg = Release|Any CPU
		{51EE78D1-74D0-4F30-A658-9C809001D510}.Release|x86.Build.0 = Release|Any CPU
	EndGlobalSection
	GlobalSection(SolutionProperties) = preSolution
		HideSolutionNode = FALSE
	EndGlobalSection
	GlobalSection(ExtensibilityGlobals) = postSolution
		SolutionGuid = {8DC3BE17-0F47-4EC1-8AF1-A46E7292C44B}
	EndGlobalSection
EndGlobal
